
Microsoft Visual Studio Solution File, Format Version 12.00
# Visual Studio Version 16
VisualStudioVersion = 16.0.30523.141
MinimumVisualStudioVersion = 10.0.40219.1
Project("{2150E333-8FDC-42A3-9474-1A3956D46DE8}") = "Library", "Library", "{D12AF5C7-0820-45B1-8E00-0BBA8C229FF0}"
EndProject
Project("{2150E333-8FDC-42A3-9474-1A3956D46DE8}") = "Presentation", "Presentation", "{9499A012-116C-40F2-966D-D323C4ADA93A}"
EndProject
Project("{2150E333-8FDC-42A3-9474-1A3956D46DE8}") = "Testing", "Testing", "{E6202DE5-70FD-4964-8FE1-3786E05F7B72}"
EndProject
Project("{FAE04EC0-301F-11D3-BF4B-00C04F79EFBC}") = "ChessGameLibrary", "ChessGameLibrary\ChessGameLibrary.csproj", "{52745FD3-EE13-4FF9-9778-5C5BF066AFD2}"
EndProject
Global
	GlobalSection(SolutionConfigurationPlatforms) = preSolution
		Debug|Any CPU = Debug|Any CPU
		Release|Any CPU = Release|Any CPU
	EndGlobalSection
	GlobalSection(ProjectConfigurationPlatforms) = postSolution
		{52745FD3-EE13-4FF9-9778-5C5BF066AFD2}.Debug|Any CPU.ActiveCfg = Debug|Any CPU
		{52745FD3-EE13-4FF9-9778-5C5BF066AFD2}.Debug|Any CPU.Build.0 = Debug|Any CPU
		{52745FD3-EE13-4FF9-9778-5C5BF066AFD2}.Release|Any CPU.ActiveCfg = Release|Any CPU
		{52745FD3-EE13-4FF9-9778-5C5BF066AFD2}.Release|Any CPU.Build.0 = Release|Any CPU
	EndGlobalSection
	GlobalSection(SolutionProperties) = preSolution
		HideSolutionNode = FALSE
	EndGlobalSection
	GlobalSection(NestedProjects) = preSolution
		{52745FD3-EE13-4FF9-9778-5C5BF066AFD2} = {D12AF5C7-0820-45B1-8E00-0BBA8C229FF0}
	EndGlobalSection
	GlobalSection(ExtensibilityGlobals) = postSolution
		SolutionGuid = {048D9DFC-7974-4830-BDFE-88E46E301514}
	EndGlobalSection
EndGlobal
